// !$*UTF8*$!
{
	archiveVersion = 1;
	classes = {
	};
	objectVersion = 48;
	objects = {

/* Begin PBXBuildFile section */
		A0FC0C5A1FA42AC1003E5558 /* MatchingTableViewCell.swift in Sources */ = {isa = PBXBuildFile; fileRef = A0FC0C591FA42AC1003E5558 /* MatchingTableViewCell.swift */; };
		A0FC0C5C1FA453FB003E5558 /* AddFriendViewController.swift in Sources */ = {isa = PBXBuildFile; fileRef = A0FC0C5B1FA453FB003E5558 /* AddFriendViewController.swift */; };
		A49033A51FA40AC2007EA206 /* AppDelegate.swift in Sources */ = {isa = PBXBuildFile; fileRef = A49033A41FA40AC2007EA206 /* AppDelegate.swift */; };
		A49033AA1FA40AC2007EA206 /* Main.storyboard in Resources */ = {isa = PBXBuildFile; fileRef = A49033A81FA40AC2007EA206 /* Main.storyboard */; };
		A49033AC1FA40AC2007EA206 /* Assets.xcassets in Resources */ = {isa = PBXBuildFile; fileRef = A49033AB1FA40AC2007EA206 /* Assets.xcassets */; };
		A49033AF1FA40AC2007EA206 /* LaunchScreen.storyboard in Resources */ = {isa = PBXBuildFile; fileRef = A49033AD1FA40AC2007EA206 /* LaunchScreen.storyboard */; };
		A49033BA1FA40AC2007EA206 /* Availee_iOSTests.swift in Sources */ = {isa = PBXBuildFile; fileRef = A49033B91FA40AC2007EA206 /* Availee_iOSTests.swift */; };
		A49033C51FA40AC2007EA206 /* Availee_iOSUITests.swift in Sources */ = {isa = PBXBuildFile; fileRef = A49033C41FA40AC2007EA206 /* Availee_iOSUITests.swift */; };
		A4B3C0111FA461CE00F2C772 /* Event.swift in Sources */ = {isa = PBXBuildFile; fileRef = A4B3C0101FA461CE00F2C772 /* Event.swift */; };
		A4B3C0131FA468D900F2C772 /* UserModel.swift in Sources */ = {isa = PBXBuildFile; fileRef = A4B3C0121FA468D900F2C772 /* UserModel.swift */; };
		A4B3C0151FA46A0A00F2C772 /* CalendarModel.swift in Sources */ = {isa = PBXBuildFile; fileRef = A4B3C0141FA46A0A00F2C772 /* CalendarModel.swift */; };
		A4B3C0171FA46A1700F2C772 /* MatchingModel.swift in Sources */ = {isa = PBXBuildFile; fileRef = A4B3C0161FA46A1700F2C772 /* MatchingModel.swift */; };
		A4D4A2E21FA4106100DB60CD /* Home.storyboard in Resources */ = {isa = PBXBuildFile; fileRef = A4D4A2E11FA4106100DB60CD /* Home.storyboard */; };
		A4D4A2E41FA4106A00DB60CD /* Calendar.storyboard in Resources */ = {isa = PBXBuildFile; fileRef = A4D4A2E31FA4106A00DB60CD /* Calendar.storyboard */; };
		A4D4A2E61FA4108600DB60CD /* Friend.storyboard in Resources */ = {isa = PBXBuildFile; fileRef = A4D4A2E51FA4108600DB60CD /* Friend.storyboard */; };
		A4D4A2E81FA4109200DB60CD /* Message.storyboard in Resources */ = {isa = PBXBuildFile; fileRef = A4D4A2E71FA4109200DB60CD /* Message.storyboard */; };
		A4D4A2F11FA4163900DB60CD /* HomeViewController.swift in Sources */ = {isa = PBXBuildFile; fileRef = A4D4A2F01FA4163900DB60CD /* HomeViewController.swift */; };
		A4D4A2F31FA4164700DB60CD /* CalendarViewController.swift in Sources */ = {isa = PBXBuildFile; fileRef = A4D4A2F21FA4164700DB60CD /* CalendarViewController.swift */; };
		A4D4A2F51FA4164E00DB60CD /* FriendViewController.swift in Sources */ = {isa = PBXBuildFile; fileRef = A4D4A2F41FA4164E00DB60CD /* FriendViewController.swift */; };
		A4D4A2F71FA4165400DB60CD /* MessageViewController.swift in Sources */ = {isa = PBXBuildFile; fileRef = A4D4A2F61FA4165400DB60CD /* MessageViewController.swift */; };
		A4D4A2F91FA4184B00DB60CD /* LoginViewController.swift in Sources */ = {isa = PBXBuildFile; fileRef = A4D4A2F81FA4184B00DB60CD /* LoginViewController.swift */; };
		A4D4A2FB1FA4189600DB60CD /* User.swift in Sources */ = {isa = PBXBuildFile; fileRef = A4D4A2FA1FA4189600DB60CD /* User.swift */; };
		A4D4A2FD1FA418A100DB60CD /* AvaileeCalendar.swift in Sources */ = {isa = PBXBuildFile; fileRef = A4D4A2FC1FA418A100DB60CD /* AvaileeCalendar.swift */; };
		A4D4A2FF1FA418AB00DB60CD /* Matching.swift in Sources */ = {isa = PBXBuildFile; fileRef = A4D4A2FE1FA418AB00DB60CD /* Matching.swift */; };
		B51C0723D4C90255DA0D97F0 /* Pods_Availee_iOSUITests.framework in Frameworks */ = {isa = PBXBuildFile; fileRef = EE23C6D2FF96FD293022AF0C /* Pods_Availee_iOSUITests.framework */; };
		C45CD7D448898050F765FA4E /* Pods_Availee_iOS.framework in Frameworks */ = {isa = PBXBuildFile; fileRef = 458270D4D7827EDBE59D226D /* Pods_Availee_iOS.framework */; };
		F17F38A6BCF5236E30255D8D /* Pods_Availee_iOSTests.framework in Frameworks */ = {isa = PBXBuildFile; fileRef = BAFB485ABFF88B246B244747 /* Pods_Availee_iOSTests.framework */; };
/* End PBXBuildFile section */

/* Begin PBXContainerItemProxy section */
		A49033B61FA40AC2007EA206 /* PBXContainerItemProxy */ = {
			isa = PBXContainerItemProxy;
			containerPortal = A49033991FA40AC2007EA206 /* Project object */;
			proxyType = 1;
			remoteGlobalIDString = A49033A01FA40AC2007EA206;
			remoteInfo = "Availee-iOS";
		};
		A49033C11FA40AC2007EA206 /* PBXContainerItemProxy */ = {
			isa = PBXContainerItemProxy;
			containerPortal = A49033991FA40AC2007EA206 /* Project object */;
			proxyType = 1;
			remoteGlobalIDString = A49033A01FA40AC2007EA206;
			remoteInfo = "Availee-iOS";
		};
/* End PBXContainerItemProxy section */

/* Begin PBXFileReference section */
		397339A0E2B95B4124B545B3 /* Pods-Availee-iOSUITests.release.xcconfig */ = {isa = PBXFileReference; includeInIndex = 1; lastKnownFileType = text.xcconfig; name = "Pods-Availee-iOSUITests.release.xcconfig"; path = "Pods/Target Support Files/Pods-Availee-iOSUITests/Pods-Availee-iOSUITests.release.xcconfig"; sourceTree = "<group>"; };
		39BBC6C8E30B1F53971B827B /* Pods-Availee-iOSTests.release.xcconfig */ = {isa = PBXFileReference; includeInIndex = 1; lastKnownFileType = text.xcconfig; name = "Pods-Availee-iOSTests.release.xcconfig"; path = "Pods/Target Support Files/Pods-Availee-iOSTests/Pods-Availee-iOSTests.release.xcconfig"; sourceTree = "<group>"; };
		458270D4D7827EDBE59D226D /* Pods_Availee_iOS.framework */ = {isa = PBXFileReference; explicitFileType = wrapper.framework; includeInIndex = 0; path = Pods_Availee_iOS.framework; sourceTree = BUILT_PRODUCTS_DIR; };
		6A6E6697D5DAC6B8294B66EB /* Pods-Availee-iOSUITests.debug.xcconfig */ = {isa = PBXFileReference; includeInIndex = 1; lastKnownFileType = text.xcconfig; name = "Pods-Availee-iOSUITests.debug.xcconfig"; path = "Pods/Target Support Files/Pods-Availee-iOSUITests/Pods-Availee-iOSUITests.debug.xcconfig"; sourceTree = "<group>"; };
		7F364B21C992B1A189119F5E /* Pods-Availee-iOSTests.debug.xcconfig */ = {isa = PBXFileReference; includeInIndex = 1; lastKnownFileType = text.xcconfig; name = "Pods-Availee-iOSTests.debug.xcconfig"; path = "Pods/Target Support Files/Pods-Availee-iOSTests/Pods-Availee-iOSTests.debug.xcconfig"; sourceTree = "<group>"; };
		91508DB1EEF950C569A5ECF6 /* Pods-Availee-iOS.release.xcconfig */ = {isa = PBXFileReference; includeInIndex = 1; lastKnownFileType = text.xcconfig; name = "Pods-Availee-iOS.release.xcconfig"; path = "Pods/Target Support Files/Pods-Availee-iOS/Pods-Availee-iOS.release.xcconfig"; sourceTree = "<group>"; };
		A0FC0C591FA42AC1003E5558 /* MatchingTableViewCell.swift */ = {isa = PBXFileReference; lastKnownFileType = sourcecode.swift; name = MatchingTableViewCell.swift; path = "Availee-iOS/MatchingTableViewCell.swift"; sourceTree = SOURCE_ROOT; };
		A0FC0C5B1FA453FB003E5558 /* AddFriendViewController.swift */ = {isa = PBXFileReference; lastKnownFileType = sourcecode.swift; path = AddFriendViewController.swift; sourceTree = "<group>"; };
		A49033A11FA40AC2007EA206 /* Availee-iOS.app */ = {isa = PBXFileReference; explicitFileType = wrapper.application; includeInIndex = 0; path = "Availee-iOS.app"; sourceTree = BUILT_PRODUCTS_DIR; };
		A49033A41FA40AC2007EA206 /* AppDelegate.swift */ = {isa = PBXFileReference; lastKnownFileType = sourcecode.swift; path = AppDelegate.swift; sourceTree = "<group>"; };
		A49033A91FA40AC2007EA206 /* Base */ = {isa = PBXFileReference; lastKnownFileType = file.storyboard; name = Base; path = Base.lproj/Main.storyboard; sourceTree = "<group>"; };
		A49033AB1FA40AC2007EA206 /* Assets.xcassets */ = {isa = PBXFileReference; lastKnownFileType = folder.assetcatalog; path = Assets.xcassets; sourceTree = "<group>"; };
		A49033AE1FA40AC2007EA206 /* Base */ = {isa = PBXFileReference; lastKnownFileType = file.storyboard; name = Base; path = Base.lproj/LaunchScreen.storyboard; sourceTree = "<group>"; };
		A49033B01FA40AC2007EA206 /* Info.plist */ = {isa = PBXFileReference; lastKnownFileType = text.plist.xml; path = Info.plist; sourceTree = "<group>"; };
		A49033B51FA40AC2007EA206 /* Availee-iOSTests.xctest */ = {isa = PBXFileReference; explicitFileType = wrapper.cfbundle; includeInIndex = 0; path = "Availee-iOSTests.xctest"; sourceTree = BUILT_PRODUCTS_DIR; };
		A49033B91FA40AC2007EA206 /* Availee_iOSTests.swift */ = {isa = PBXFileReference; lastKnownFileType = sourcecode.swift; path = Availee_iOSTests.swift; sourceTree = "<group>"; };
		A49033BB1FA40AC2007EA206 /* Info.plist */ = {isa = PBXFileReference; lastKnownFileType = text.plist.xml; path = Info.plist; sourceTree = "<group>"; };
		A49033C01FA40AC2007EA206 /* Availee-iOSUITests.xctest */ = {isa = PBXFileReference; explicitFileType = wrapper.cfbundle; includeInIndex = 0; path = "Availee-iOSUITests.xctest"; sourceTree = BUILT_PRODUCTS_DIR; };
		A49033C41FA40AC2007EA206 /* Availee_iOSUITests.swift */ = {isa = PBXFileReference; lastKnownFileType = sourcecode.swift; path = Availee_iOSUITests.swift; sourceTree = "<group>"; };
		A49033C61FA40AC2007EA206 /* Info.plist */ = {isa = PBXFileReference; lastKnownFileType = text.plist.xml; path = Info.plist; sourceTree = "<group>"; };
		A4B3C0101FA461CE00F2C772 /* Event.swift */ = {isa = PBXFileReference; lastKnownFileType = sourcecode.swift; path = Event.swift; sourceTree = "<group>"; };
		A4B3C0121FA468D900F2C772 /* UserModel.swift */ = {isa = PBXFileReference; lastKnownFileType = sourcecode.swift; path = UserModel.swift; sourceTree = "<group>"; };
		A4B3C0141FA46A0A00F2C772 /* CalendarModel.swift */ = {isa = PBXFileReference; lastKnownFileType = sourcecode.swift; path = CalendarModel.swift; sourceTree = "<group>"; };
		A4B3C0161FA46A1700F2C772 /* MatchingModel.swift */ = {isa = PBXFileReference; lastKnownFileType = sourcecode.swift; path = MatchingModel.swift; sourceTree = "<group>"; };
		A4D4A2E11FA4106100DB60CD /* Home.storyboard */ = {isa = PBXFileReference; lastKnownFileType = file.storyboard; path = Home.storyboard; sourceTree = "<group>"; };
		A4D4A2E31FA4106A00DB60CD /* Calendar.storyboard */ = {isa = PBXFileReference; lastKnownFileType = file.storyboard; path = Calendar.storyboard; sourceTree = "<group>"; };
		A4D4A2E51FA4108600DB60CD /* Friend.storyboard */ = {isa = PBXFileReference; lastKnownFileType = file.storyboard; path = Friend.storyboard; sourceTree = "<group>"; };
		A4D4A2E71FA4109200DB60CD /* Message.storyboard */ = {isa = PBXFileReference; lastKnownFileType = file.storyboard; path = Message.storyboard; sourceTree = "<group>"; };
		A4D4A2F01FA4163900DB60CD /* HomeViewController.swift */ = {isa = PBXFileReference; lastKnownFileType = sourcecode.swift; path = HomeViewController.swift; sourceTree = "<group>"; };
		A4D4A2F21FA4164700DB60CD /* CalendarViewController.swift */ = {isa = PBXFileReference; lastKnownFileType = sourcecode.swift; path = CalendarViewController.swift; sourceTree = "<group>"; };
		A4D4A2F41FA4164E00DB60CD /* FriendViewController.swift */ = {isa = PBXFileReference; lastKnownFileType = sourcecode.swift; path = FriendViewController.swift; sourceTree = "<group>"; };
		A4D4A2F61FA4165400DB60CD /* MessageViewController.swift */ = {isa = PBXFileReference; lastKnownFileType = sourcecode.swift; path = MessageViewController.swift; sourceTree = "<group>"; };
		A4D4A2F81FA4184B00DB60CD /* LoginViewController.swift */ = {isa = PBXFileReference; lastKnownFileType = sourcecode.swift; path = LoginViewController.swift; sourceTree = "<group>"; };
		A4D4A2FA1FA4189600DB60CD /* User.swift */ = {isa = PBXFileReference; lastKnownFileType = sourcecode.swift; path = User.swift; sourceTree = "<group>"; };
		A4D4A2FC1FA418A100DB60CD /* AvaileeCalendar.swift */ = {isa = PBXFileReference; lastKnownFileType = sourcecode.swift; path = AvaileeCalendar.swift; sourceTree = "<group>"; };
		A4D4A2FE1FA418AB00DB60CD /* Matching.swift */ = {isa = PBXFileReference; lastKnownFileType = sourcecode.swift; path = Matching.swift; sourceTree = "<group>"; };
		AD3413B3B8D353C3F2E9503B /* Pods-Availee-iOS.debug.xcconfig */ = {isa = PBXFileReference; includeInIndex = 1; lastKnownFileType = text.xcconfig; name = "Pods-Availee-iOS.debug.xcconfig"; path = "Pods/Target Support Files/Pods-Availee-iOS/Pods-Availee-iOS.debug.xcconfig"; sourceTree = "<group>"; };
		BAFB485ABFF88B246B244747 /* Pods_Availee_iOSTests.framework */ = {isa = PBXFileReference; explicitFileType = wrapper.framework; includeInIndex = 0; path = Pods_Availee_iOSTests.framework; sourceTree = BUILT_PRODUCTS_DIR; };
		EE23C6D2FF96FD293022AF0C /* Pods_Availee_iOSUITests.framework */ = {isa = PBXFileReference; explicitFileType = wrapper.framework; includeInIndex = 0; path = Pods_Availee_iOSUITests.framework; sourceTree = BUILT_PRODUCTS_DIR; };
/* End PBXFileReference section */

/* Begin PBXFrameworksBuildPhase section */
		A490339E1FA40AC2007EA206 /* Frameworks */ = {
			isa = PBXFrameworksBuildPhase;
			buildActionMask = 2147483647;
			files = (
				C45CD7D448898050F765FA4E /* Pods_Availee_iOS.framework in Frameworks */,
			);
			runOnlyForDeploymentPostprocessing = 0;
		};
		A49033B21FA40AC2007EA206 /* Frameworks */ = {
			isa = PBXFrameworksBuildPhase;
			buildActionMask = 2147483647;
			files = (
				F17F38A6BCF5236E30255D8D /* Pods_Availee_iOSTests.framework in Frameworks */,
			);
			runOnlyForDeploymentPostprocessing = 0;
		};
		A49033BD1FA40AC2007EA206 /* Frameworks */ = {
			isa = PBXFrameworksBuildPhase;
			buildActionMask = 2147483647;
			files = (
				B51C0723D4C90255DA0D97F0 /* Pods_Availee_iOSUITests.framework in Frameworks */,
			);
			runOnlyForDeploymentPostprocessing = 0;
		};
/* End PBXFrameworksBuildPhase section */

/* Begin PBXGroup section */
		587F1F7E153DD4AD7D52E2D5 /* Pods */ = {
			isa = PBXGroup;
			children = (
				AD3413B3B8D353C3F2E9503B /* Pods-Availee-iOS.debug.xcconfig */,
				91508DB1EEF950C569A5ECF6 /* Pods-Availee-iOS.release.xcconfig */,
				7F364B21C992B1A189119F5E /* Pods-Availee-iOSTests.debug.xcconfig */,
				39BBC6C8E30B1F53971B827B /* Pods-Availee-iOSTests.release.xcconfig */,
				6A6E6697D5DAC6B8294B66EB /* Pods-Availee-iOSUITests.debug.xcconfig */,
				397339A0E2B95B4124B545B3 /* Pods-Availee-iOSUITests.release.xcconfig */,
			);
			name = Pods;
			sourceTree = "<group>";
		};
		8AF65861D6F605752F10964F /* Frameworks */ = {
			isa = PBXGroup;
			children = (
				458270D4D7827EDBE59D226D /* Pods_Availee_iOS.framework */,
				BAFB485ABFF88B246B244747 /* Pods_Availee_iOSTests.framework */,
				EE23C6D2FF96FD293022AF0C /* Pods_Availee_iOSUITests.framework */,
			);
			name = Frameworks;
			sourceTree = "<group>";
		};
		A49033981FA40AC2007EA206 = {
			isa = PBXGroup;
			children = (
				A49033A31FA40AC2007EA206 /* Availee-iOS */,
				A49033B81FA40AC2007EA206 /* Availee-iOSTests */,
				A49033C31FA40AC2007EA206 /* Availee-iOSUITests */,
				A49033A21FA40AC2007EA206 /* Products */,
				587F1F7E153DD4AD7D52E2D5 /* Pods */,
				8AF65861D6F605752F10964F /* Frameworks */,
			);
			sourceTree = "<group>";
		};
		A49033A21FA40AC2007EA206 /* Products */ = {
			isa = PBXGroup;
			children = (
				A49033A11FA40AC2007EA206 /* Availee-iOS.app */,
				A49033B51FA40AC2007EA206 /* Availee-iOSTests.xctest */,
				A49033C01FA40AC2007EA206 /* Availee-iOSUITests.xctest */,
			);
			name = Products;
			sourceTree = "<group>";
		};
		A49033A31FA40AC2007EA206 /* Availee-iOS */ = {
			isa = PBXGroup;
			children = (
				A4D4A2EF1FA4160B00DB60CD /* Utility */,
				A4D4A2ED1FA415FE00DB60CD /* View */,
				A4D4A2EC1FA415F400DB60CD /* ViewController */,
				A4D4A2EB1FA415E800DB60CD /* Model */,
				A49033A41FA40AC2007EA206 /* AppDelegate.swift */,
				A4D4A2EA1FA4115E00DB60CD /* Storyboard */,
				A49033AB1FA40AC2007EA206 /* Assets.xcassets */,
				A49033B01FA40AC2007EA206 /* Info.plist */,
			);
			path = "Availee-iOS";
			sourceTree = "<group>";
		};
		A49033B81FA40AC2007EA206 /* Availee-iOSTests */ = {
			isa = PBXGroup;
			children = (
				A49033B91FA40AC2007EA206 /* Availee_iOSTests.swift */,
				A49033BB1FA40AC2007EA206 /* Info.plist */,
			);
			path = "Availee-iOSTests";
			sourceTree = "<group>";
		};
		A49033C31FA40AC2007EA206 /* Availee-iOSUITests */ = {
			isa = PBXGroup;
			children = (
				A49033C41FA40AC2007EA206 /* Availee_iOSUITests.swift */,
				A49033C61FA40AC2007EA206 /* Info.plist */,
			);
			path = "Availee-iOSUITests";
			sourceTree = "<group>";
		};
		A4D4A2EA1FA4115E00DB60CD /* Storyboard */ = {
			isa = PBXGroup;
			children = (
				A49033A81FA40AC2007EA206 /* Main.storyboard */,
				A4D4A2E11FA4106100DB60CD /* Home.storyboard */,
				A4D4A2E31FA4106A00DB60CD /* Calendar.storyboard */,
				A4D4A2E51FA4108600DB60CD /* Friend.storyboard */,
				A4D4A2E71FA4109200DB60CD /* Message.storyboard */,
				A49033AD1FA40AC2007EA206 /* LaunchScreen.storyboard */,
			);
			path = Storyboard;
			sourceTree = "<group>";
		};
		A4D4A2EB1FA415E800DB60CD /* Model */ = {
			isa = PBXGroup;
			children = (
				A4B3C0121FA468D900F2C772 /* UserModel.swift */,
				A4B3C0141FA46A0A00F2C772 /* CalendarModel.swift */,
				A4B3C0161FA46A1700F2C772 /* MatchingModel.swift */,
				A4D4A2EE1FA4160300DB60CD /* Entity */,
			);
			path = Model;
			sourceTree = "<group>";
		};
		A4D4A2EC1FA415F400DB60CD /* ViewController */ = {
			isa = PBXGroup;
			children = (
				A4D4A2F01FA4163900DB60CD /* HomeViewController.swift */,
				A4D4A2F21FA4164700DB60CD /* CalendarViewController.swift */,
				A4D4A2F41FA4164E00DB60CD /* FriendViewController.swift */,
				A4D4A2F61FA4165400DB60CD /* MessageViewController.swift */,
				A4D4A2F81FA4184B00DB60CD /* LoginViewController.swift */,
				A0FC0C5B1FA453FB003E5558 /* AddFriendViewController.swift */,
			);
			path = ViewController;
			sourceTree = "<group>";
		};
		A4D4A2ED1FA415FE00DB60CD /* View */ = {
			isa = PBXGroup;
			children = (
				A0FC0C591FA42AC1003E5558 /* MatchingTableViewCell.swift */,
			);
			path = View;
			sourceTree = "<group>";
		};
		A4D4A2EE1FA4160300DB60CD /* Entity */ = {
			isa = PBXGroup;
			children = (
				A4D4A2FA1FA4189600DB60CD /* User.swift */,
				A4D4A2FC1FA418A100DB60CD /* AvaileeCalendar.swift */,
				A4B3C0101FA461CE00F2C772 /* Event.swift */,
				A4D4A2FE1FA418AB00DB60CD /* Matching.swift */,
			);
			path = Entity;
			sourceTree = "<group>";
		};
		A4D4A2EF1FA4160B00DB60CD /* Utility */ = {
			isa = PBXGroup;
			children = (
			);
			path = Utility;
			sourceTree = "<group>";
		};
/* End PBXGroup section */

/* Begin PBXNativeTarget section */
		A49033A01FA40AC2007EA206 /* Availee-iOS */ = {
			isa = PBXNativeTarget;
			buildConfigurationList = A49033C91FA40AC2007EA206 /* Build configuration list for PBXNativeTarget "Availee-iOS" */;
			buildPhases = (
				0628DD66707969D328007A4A /* [CP] Check Pods Manifest.lock */,
				A490339D1FA40AC2007EA206 /* Sources */,
				A490339E1FA40AC2007EA206 /* Frameworks */,
				A490339F1FA40AC2007EA206 /* Resources */,
				51992EBD3BF82B3C01053C80 /* [CP] Embed Pods Frameworks */,
				A67BFBCA8231FE710E312004 /* [CP] Copy Pods Resources */,
			);
			buildRules = (
			);
			dependencies = (
			);
			name = "Availee-iOS";
			productName = "Availee-iOS";
			productReference = A49033A11FA40AC2007EA206 /* Availee-iOS.app */;
			productType = "com.apple.product-type.application";
		};
		A49033B41FA40AC2007EA206 /* Availee-iOSTests */ = {
			isa = PBXNativeTarget;
			buildConfigurationList = A49033CC1FA40AC2007EA206 /* Build configuration list for PBXNativeTarget "Availee-iOSTests" */;
			buildPhases = (
				A33388F2AFA96DF470242EF1 /* [CP] Check Pods Manifest.lock */,
				A49033B11FA40AC2007EA206 /* Sources */,
				A49033B21FA40AC2007EA206 /* Frameworks */,
				A49033B31FA40AC2007EA206 /* Resources */,
				68E4F39E0F687A8F83C7DBFE /* [CP] Embed Pods Frameworks */,
				F4CD3A9B82D3CC9D4FDBD739 /* [CP] Copy Pods Resources */,
			);
			buildRules = (
			);
			dependencies = (
				A49033B71FA40AC2007EA206 /* PBXTargetDependency */,
			);
			name = "Availee-iOSTests";
			productName = "Availee-iOSTests";
			productReference = A49033B51FA40AC2007EA206 /* Availee-iOSTests.xctest */;
			productType = "com.apple.product-type.bundle.unit-test";
		};
		A49033BF1FA40AC2007EA206 /* Availee-iOSUITests */ = {
			isa = PBXNativeTarget;
			buildConfigurationList = A49033CF1FA40AC2007EA206 /* Build configuration list for PBXNativeTarget "Availee-iOSUITests" */;
			buildPhases = (
				DB767ADA3BD86F20EC3F4376 /* [CP] Check Pods Manifest.lock */,
				A49033BC1FA40AC2007EA206 /* Sources */,
				A49033BD1FA40AC2007EA206 /* Frameworks */,
				A49033BE1FA40AC2007EA206 /* Resources */,
				65D2E902A2A8CB2930AFB2AE /* [CP] Embed Pods Frameworks */,
				47ADDC6005BFF859391E20B9 /* [CP] Copy Pods Resources */,
			);
			buildRules = (
			);
			dependencies = (
				A49033C21FA40AC2007EA206 /* PBXTargetDependency */,
			);
			name = "Availee-iOSUITests";
			productName = "Availee-iOSUITests";
			productReference = A49033C01FA40AC2007EA206 /* Availee-iOSUITests.xctest */;
			productType = "com.apple.product-type.bundle.ui-testing";
		};
/* End PBXNativeTarget section */

/* Begin PBXProject section */
		A49033991FA40AC2007EA206 /* Project object */ = {
			isa = PBXProject;
			attributes = {
				LastSwiftUpdateCheck = 0900;
				LastUpgradeCheck = 0900;
				ORGANIZATIONNAME = fk_1712;
				TargetAttributes = {
					A49033A01FA40AC2007EA206 = {
						CreatedOnToolsVersion = 9.0.1;
						ProvisioningStyle = Automatic;
					};
					A49033B41FA40AC2007EA206 = {
						CreatedOnToolsVersion = 9.0.1;
						ProvisioningStyle = Automatic;
						TestTargetID = A49033A01FA40AC2007EA206;
					};
					A49033BF1FA40AC2007EA206 = {
						CreatedOnToolsVersion = 9.0.1;
						ProvisioningStyle = Automatic;
						TestTargetID = A49033A01FA40AC2007EA206;
					};
				};
			};
			buildConfigurationList = A490339C1FA40AC2007EA206 /* Build configuration list for PBXProject "Availee-iOS" */;
			compatibilityVersion = "Xcode 8.0";
			developmentRegion = en;
			hasScannedForEncodings = 0;
			knownRegions = (
				en,
				Base,
			);
			mainGroup = A49033981FA40AC2007EA206;
			productRefGroup = A49033A21FA40AC2007EA206 /* Products */;
			projectDirPath = "";
			projectRoot = "";
			targets = (
				A49033A01FA40AC2007EA206 /* Availee-iOS */,
				A49033B41FA40AC2007EA206 /* Availee-iOSTests */,
				A49033BF1FA40AC2007EA206 /* Availee-iOSUITests */,
			);
		};
/* End PBXProject section */

/* Begin PBXResourcesBuildPhase section */
		A490339F1FA40AC2007EA206 /* Resources */ = {
			isa = PBXResourcesBuildPhase;
			buildActionMask = 2147483647;
			files = (
				A4D4A2E41FA4106A00DB60CD /* Calendar.storyboard in Resources */,
				A4D4A2E21FA4106100DB60CD /* Home.storyboard in Resources */,
				A4D4A2E61FA4108600DB60CD /* Friend.storyboard in Resources */,
				A49033AF1FA40AC2007EA206 /* LaunchScreen.storyboard in Resources */,
				A49033AC1FA40AC2007EA206 /* Assets.xcassets in Resources */,
				A4D4A2E81FA4109200DB60CD /* Message.storyboard in Resources */,
				A49033AA1FA40AC2007EA206 /* Main.storyboard in Resources */,
			);
			runOnlyForDeploymentPostprocessing = 0;
		};
		A49033B31FA40AC2007EA206 /* Resources */ = {
			isa = PBXResourcesBuildPhase;
			buildActionMask = 2147483647;
			files = (
			);
			runOnlyForDeploymentPostprocessing = 0;
		};
		A49033BE1FA40AC2007EA206 /* Resources */ = {
			isa = PBXResourcesBuildPhase;
			buildActionMask = 2147483647;
			files = (
			);
			runOnlyForDeploymentPostprocessing = 0;
		};
/* End PBXResourcesBuildPhase section */

/* Begin PBXShellScriptBuildPhase section */
		0628DD66707969D328007A4A /* [CP] Check Pods Manifest.lock */ = {
			isa = PBXShellScriptBuildPhase;
			buildActionMask = 2147483647;
			files = (
			);
			inputPaths = (
				"${PODS_PODFILE_DIR_PATH}/Podfile.lock",
				"${PODS_ROOT}/Manifest.lock",
			);
			name = "[CP] Check Pods Manifest.lock";
			outputPaths = (
				"$(DERIVED_FILE_DIR)/Pods-Availee-iOS-checkManifestLockResult.txt",
			);
			runOnlyForDeploymentPostprocessing = 0;
			shellPath = /bin/sh;
			shellScript = "diff \"${PODS_ROOT}/../Podfile.lock\" \"${PODS_ROOT}/Manifest.lock\" > /dev/null\nif [ $? != 0 ] ; then\n    # print error to STDERR\n    echo \"error: The sandbox is not in sync with the Podfile.lock. Run 'pod install' or update your CocoaPods installation.\" >&2\n    exit 1\nfi\n";
			showEnvVarsInLog = 0;
		};
		47ADDC6005BFF859391E20B9 /* [CP] Copy Pods Resources */ = {
			isa = PBXShellScriptBuildPhase;
			buildActionMask = 2147483647;
			files = (
			);
			inputPaths = (
			);
			name = "[CP] Copy Pods Resources";
			outputPaths = (
			);
			runOnlyForDeploymentPostprocessing = 0;
			shellPath = /bin/sh;
			shellScript = "\"${SRCROOT}/Pods/Target Support Files/Pods-Availee-iOSUITests/Pods-Availee-iOSUITests-resources.sh\"\n";
			showEnvVarsInLog = 0;
		};
		51992EBD3BF82B3C01053C80 /* [CP] Embed Pods Frameworks */ = {
			isa = PBXShellScriptBuildPhase;
			buildActionMask = 2147483647;
			files = (
			);
			inputPaths = (
				"${SRCROOT}/Pods/Target Support Files/Pods-Availee-iOS/Pods-Availee-iOS-frameworks.sh",
				"${BUILT_PRODUCTS_DIR}/Alamofire/Alamofire.framework",
				"${BUILT_PRODUCTS_DIR}/Koyomi/Koyomi.framework",
				"${BUILT_PRODUCTS_DIR}/Realm/Realm.framework",
				"${BUILT_PRODUCTS_DIR}/RealmSwift/RealmSwift.framework",
			);
			name = "[CP] Embed Pods Frameworks";
			outputPaths = (
				"${TARGET_BUILD_DIR}/${FRAMEWORKS_FOLDER_PATH}/Alamofire.framework",
				"${TARGET_BUILD_DIR}/${FRAMEWORKS_FOLDER_PATH}/Koyomi.framework",
				"${TARGET_BUILD_DIR}/${FRAMEWORKS_FOLDER_PATH}/Realm.framework",
				"${TARGET_BUILD_DIR}/${FRAMEWORKS_FOLDER_PATH}/RealmSwift.framework",
			);
			runOnlyForDeploymentPostprocessing = 0;
			shellPath = /bin/sh;
			shellScript = "\"${SRCROOT}/Pods/Target Support Files/Pods-Availee-iOS/Pods-Availee-iOS-frameworks.sh\"\n";
			showEnvVarsInLog = 0;
		};
		65D2E902A2A8CB2930AFB2AE /* [CP] Embed Pods Frameworks */ = {
			isa = PBXShellScriptBuildPhase;
			buildActionMask = 2147483647;
			files = (
			);
			inputPaths = (
			);
			name = "[CP] Embed Pods Frameworks";
			outputPaths = (
			);
			runOnlyForDeploymentPostprocessing = 0;
			shellPath = /bin/sh;
			shellScript = "\"${SRCROOT}/Pods/Target Support Files/Pods-Availee-iOSUITests/Pods-Availee-iOSUITests-frameworks.sh\"\n";
			showEnvVarsInLog = 0;
		};
		68E4F39E0F687A8F83C7DBFE /* [CP] Embed Pods Frameworks */ = {
			isa = PBXShellScriptBuildPhase;
			buildActionMask = 2147483647;
			files = (
			);
			inputPaths = (
			);
			name = "[CP] Embed Pods Frameworks";
			outputPaths = (
			);
			runOnlyForDeploymentPostprocessing = 0;
			shellPath = /bin/sh;
			shellScript = "\"${SRCROOT}/Pods/Target Support Files/Pods-Availee-iOSTests/Pods-Availee-iOSTests-frameworks.sh\"\n";
			showEnvVarsInLog = 0;
		};
		A33388F2AFA96DF470242EF1 /* [CP] Check Pods Manifest.lock */ = {
			isa = PBXShellScriptBuildPhase;
			buildActionMask = 2147483647;
			files = (
			);
			inputPaths = (
				"${PODS_PODFILE_DIR_PATH}/Podfile.lock",
				"${PODS_ROOT}/Manifest.lock",
			);
			name = "[CP] Check Pods Manifest.lock";
			outputPaths = (
				"$(DERIVED_FILE_DIR)/Pods-Availee-iOSTests-checkManifestLockResult.txt",
			);
			runOnlyForDeploymentPostprocessing = 0;
			shellPath = /bin/sh;
			shellScript = "diff \"${PODS_ROOT}/../Podfile.lock\" \"${PODS_ROOT}/Manifest.lock\" > /dev/null\nif [ $? != 0 ] ; then\n    # print error to STDERR\n    echo \"error: The sandbox is not in sync with the Podfile.lock. Run 'pod install' or update your CocoaPods installation.\" >&2\n    exit 1\nfi\n";
			showEnvVarsInLog = 0;
		};
		A67BFBCA8231FE710E312004 /* [CP] Copy Pods Resources */ = {
			isa = PBXShellScriptBuildPhase;
			buildActionMask = 2147483647;
			files = (
			);
			inputPaths = (
			);
			name = "[CP] Copy Pods Resources";
			outputPaths = (
			);
			runOnlyForDeploymentPostprocessing = 0;
			shellPath = /bin/sh;
			shellScript = "\"${SRCROOT}/Pods/Target Support Files/Pods-Availee-iOS/Pods-Availee-iOS-resources.sh\"\n";
			showEnvVarsInLog = 0;
		};
		DB767ADA3BD86F20EC3F4376 /* [CP] Check Pods Manifest.lock */ = {
			isa = PBXShellScriptBuildPhase;
			buildActionMask = 2147483647;
			files = (
			);
			inputPaths = (
				"${PODS_PODFILE_DIR_PATH}/Podfile.lock",
				"${PODS_ROOT}/Manifest.lock",
			);
			name = "[CP] Check Pods Manifest.lock";
			outputPaths = (
				"$(DERIVED_FILE_DIR)/Pods-Availee-iOSUITests-checkManifestLockResult.txt",
			);
			runOnlyForDeploymentPostprocessing = 0;
			shellPath = /bin/sh;
			shellScript = "diff \"${PODS_ROOT}/../Podfile.lock\" \"${PODS_ROOT}/Manifest.lock\" > /dev/null\nif [ $? != 0 ] ; then\n    # print error to STDERR\n    echo \"error: The sandbox is not in sync with the Podfile.lock. Run 'pod install' or update your CocoaPods installation.\" >&2\n    exit 1\nfi\n";
			showEnvVarsInLog = 0;
		};
		F4CD3A9B82D3CC9D4FDBD739 /* [CP] Copy Pods Resources */ = {
			isa = PBXShellScriptBuildPhase;
			buildActionMask = 2147483647;
			files = (
			);
			inputPaths = (
			);
			name = "[CP] Copy Pods Resources";
			outputPaths = (
			);
			runOnlyForDeploymentPostprocessing = 0;
			shellPath = /bin/sh;
			shellScript = "\"${SRCROOT}/Pods/Target Support Files/Pods-Availee-iOSTests/Pods-Availee-iOSTests-resources.sh\"\n";
			showEnvVarsInLog = 0;
		};
/* End PBXShellScriptBuildPhase section */

/* Begin PBXSourcesBuildPhase section */
		A490339D1FA40AC2007EA206 /* Sources */ = {
			isa = PBXSourcesBuildPhase;
			buildActionMask = 2147483647;
			files = (
				A4D4A2F91FA4184B00DB60CD /* LoginViewController.swift in Sources */,
				A4B3C0151FA46A0A00F2C772 /* CalendarModel.swift in Sources */,
				A4D4A2F51FA4164E00DB60CD /* FriendViewController.swift in Sources */,
				A4D4A2F31FA4164700DB60CD /* CalendarViewController.swift in Sources */,
				A4D4A2FD1FA418A100DB60CD /* Calendar.swift in Sources */,
				A0FC0C5A1FA42AC1003E5558 /* MatchingTableViewCell.swift in Sources */,
				A49033A51FA40AC2007EA206 /* AppDelegate.swift in Sources */,
				A4D4A2F11FA4163900DB60CD /* HomeViewController.swift in Sources */,
				A4D4A2F71FA4165400DB60CD /* MessageViewController.swift in Sources */,
				A0FC0C5C1FA453FB003E5558 /* AddFriendViewController.swift in Sources */,
				A4D4A2FB1FA4189600DB60CD /* User.swift in Sources */,
				A4D4A2FF1FA418AB00DB60CD /* Matching.swift in Sources */,
				A4B3C0131FA468D900F2C772 /* UserModel.swift in Sources */,
			);
			runOnlyForDeploymentPostprocessing = 0;
		};
		A49033B11FA40AC2007EA206 /* Sources */ = {
			isa = PBXSourcesBuildPhase;
			buildActionMask = 2147483647;
			files = (
				A49033BA1FA40AC2007EA206 /* Availee_iOSTests.swift in Sources */,
			);
			runOnlyForDeploymentPostprocessing = 0;
		};
		A49033BC1FA40AC2007EA206 /* Sources */ = {
			isa = PBXSourcesBuildPhase;
			buildActionMask = 2147483647;
			files = (
				A49033C51FA40AC2007EA206 /* Availee_iOSUITests.swift in Sources */,
			);
			runOnlyForDeploymentPostprocessing = 0;
		};
/* End PBXSourcesBuildPhase section */

/* Begin PBXTargetDependency section */
		A49033B71FA40AC2007EA206 /* PBXTargetDependency */ = {
			isa = PBXTargetDependency;
			target = A49033A01FA40AC2007EA206 /* Availee-iOS */;
			targetProxy = A49033B61FA40AC2007EA206 /* PBXContainerItemProxy */;
		};
		A49033C21FA40AC2007EA206 /* PBXTargetDependency */ = {
			isa = PBXTargetDependency;
			target = A49033A01FA40AC2007EA206 /* Availee-iOS */;
			targetProxy = A49033C11FA40AC2007EA206 /* PBXContainerItemProxy */;
		};
/* End PBXTargetDependency section */

/* Begin PBXVariantGroup section */
		A49033A81FA40AC2007EA206 /* Main.storyboard */ = {
			isa = PBXVariantGroup;
			children = (
				A49033A91FA40AC2007EA206 /* Base */,
			);
			name = Main.storyboard;
			sourceTree = "<group>";
		};
		A49033AD1FA40AC2007EA206 /* LaunchScreen.storyboard */ = {
			isa = PBXVariantGroup;
			children = (
				A49033AE1FA40AC2007EA206 /* Base */,
			);
			name = LaunchScreen.storyboard;
			sourceTree = "<group>";
		};
/* End PBXVariantGroup section */

/* Begin XCBuildConfiguration section */
		A49033C71FA40AC2007EA206 /* Debug */ = {
			isa = XCBuildConfiguration;
			buildSettings = {
				ALWAYS_SEARCH_USER_PATHS = NO;
				CLANG_ANALYZER_NONNULL = YES;
				CLANG_ANALYZER_NUMBER_OBJECT_CONVERSION = YES_AGGRESSIVE;
				CLANG_CXX_LANGUAGE_STANDARD = "gnu++14";
				CLANG_CXX_LIBRARY = "libc++";
				CLANG_ENABLE_MODULES = YES;
				CLANG_ENABLE_OBJC_ARC = YES;
				CLANG_WARN_BLOCK_CAPTURE_AUTORELEASING = YES;
				CLANG_WARN_BOOL_CONVERSION = YES;
				CLANG_WARN_COMMA = YES;
				CLANG_WARN_CONSTANT_CONVERSION = YES;
				CLANG_WARN_DIRECT_OBJC_ISA_USAGE = YES_ERROR;
				CLANG_WARN_DOCUMENTATION_COMMENTS = YES;
				CLANG_WARN_EMPTY_BODY = YES;
				CLANG_WARN_ENUM_CONVERSION = YES;
				CLANG_WARN_INFINITE_RECURSION = YES;
				CLANG_WARN_INT_CONVERSION = YES;
				CLANG_WARN_NON_LITERAL_NULL_CONVERSION = YES;
				CLANG_WARN_OBJC_LITERAL_CONVERSION = YES;
				CLANG_WARN_OBJC_ROOT_CLASS = YES_ERROR;
				CLANG_WARN_RANGE_LOOP_ANALYSIS = YES;
				CLANG_WARN_STRICT_PROTOTYPES = YES;
				CLANG_WARN_SUSPICIOUS_MOVE = YES;
				CLANG_WARN_UNGUARDED_AVAILABILITY = YES_AGGRESSIVE;
				CLANG_WARN_UNREACHABLE_CODE = YES;
				CLANG_WARN__DUPLICATE_METHOD_MATCH = YES;
				CODE_SIGN_IDENTITY = "iPhone Developer";
				COPY_PHASE_STRIP = NO;
				DEBUG_INFORMATION_FORMAT = dwarf;
				ENABLE_STRICT_OBJC_MSGSEND = YES;
				ENABLE_TESTABILITY = YES;
				GCC_C_LANGUAGE_STANDARD = gnu11;
				GCC_DYNAMIC_NO_PIC = NO;
				GCC_NO_COMMON_BLOCKS = YES;
				GCC_OPTIMIZATION_LEVEL = 0;
				GCC_PREPROCESSOR_DEFINITIONS = (
					"DEBUG=1",
					"$(inherited)",
				);
				GCC_WARN_64_TO_32_BIT_CONVERSION = YES;
				GCC_WARN_ABOUT_RETURN_TYPE = YES_ERROR;
				GCC_WARN_UNDECLARED_SELECTOR = YES;
				GCC_WARN_UNINITIALIZED_AUTOS = YES_AGGRESSIVE;
				GCC_WARN_UNUSED_FUNCTION = YES;
				GCC_WARN_UNUSED_VARIABLE = YES;
				IPHONEOS_DEPLOYMENT_TARGET = 11.0;
				MTL_ENABLE_DEBUG_INFO = YES;
				ONLY_ACTIVE_ARCH = YES;
				SDKROOT = iphoneos;
				SWIFT_ACTIVE_COMPILATION_CONDITIONS = DEBUG;
				SWIFT_OPTIMIZATION_LEVEL = "-Onone";
			};
			name = Debug;
		};
		A49033C81FA40AC2007EA206 /* Release */ = {
			isa = XCBuildConfiguration;
			buildSettings = {
				ALWAYS_SEARCH_USER_PATHS = NO;
				CLANG_ANALYZER_NONNULL = YES;
				CLANG_ANALYZER_NUMBER_OBJECT_CONVERSION = YES_AGGRESSIVE;
				CLANG_CXX_LANGUAGE_STANDARD = "gnu++14";
				CLANG_CXX_LIBRARY = "libc++";
				CLANG_ENABLE_MODULES = YES;
				CLANG_ENABLE_OBJC_ARC = YES;
				CLANG_WARN_BLOCK_CAPTURE_AUTORELEASING = YES;
				CLANG_WARN_BOOL_CONVERSION = YES;
				CLANG_WARN_COMMA = YES;
				CLANG_WARN_CONSTANT_CONVERSION = YES;
				CLANG_WARN_DIRECT_OBJC_ISA_USAGE = YES_ERROR;
				CLANG_WARN_DOCUMENTATION_COMMENTS = YES;
				CLANG_WARN_EMPTY_BODY = YES;
				CLANG_WARN_ENUM_CONVERSION = YES;
				CLANG_WARN_INFINITE_RECURSION = YES;
				CLANG_WARN_INT_CONVERSION = YES;
				CLANG_WARN_NON_LITERAL_NULL_CONVERSION = YES;
				CLANG_WARN_OBJC_LITERAL_CONVERSION = YES;
				CLANG_WARN_OBJC_ROOT_CLASS = YES_ERROR;
				CLANG_WARN_RANGE_LOOP_ANALYSIS = YES;
				CLANG_WARN_STRICT_PROTOTYPES = YES;
				CLANG_WARN_SUSPICIOUS_MOVE = YES;
				CLANG_WARN_UNGUARDED_AVAILABILITY = YES_AGGRESSIVE;
				CLANG_WARN_UNREACHABLE_CODE = YES;
				CLANG_WARN__DUPLICATE_METHOD_MATCH = YES;
				CODE_SIGN_IDENTITY = "iPhone Developer";
				COPY_PHASE_STRIP = NO;
				DEBUG_INFORMATION_FORMAT = "dwarf-with-dsym";
				ENABLE_NS_ASSERTIONS = NO;
				ENABLE_STRICT_OBJC_MSGSEND = YES;
				GCC_C_LANGUAGE_STANDARD = gnu11;
				GCC_NO_COMMON_BLOCKS = YES;
				GCC_WARN_64_TO_32_BIT_CONVERSION = YES;
				GCC_WARN_ABOUT_RETURN_TYPE = YES_ERROR;
				GCC_WARN_UNDECLARED_SELECTOR = YES;
				GCC_WARN_UNINITIALIZED_AUTOS = YES_AGGRESSIVE;
				GCC_WARN_UNUSED_FUNCTION = YES;
				GCC_WARN_UNUSED_VARIABLE = YES;
				IPHONEOS_DEPLOYMENT_TARGET = 11.0;
				MTL_ENABLE_DEBUG_INFO = NO;
				SDKROOT = iphoneos;
				SWIFT_OPTIMIZATION_LEVEL = "-Owholemodule";
				VALIDATE_PRODUCT = YES;
			};
			name = Release;
		};
		A49033CA1FA40AC2007EA206 /* Debug */ = {
			isa = XCBuildConfiguration;
			baseConfigurationReference = AD3413B3B8D353C3F2E9503B /* Pods-Availee-iOS.debug.xcconfig */;
			buildSettings = {
				ASSETCATALOG_COMPILER_APPICON_NAME = AppIcon;
				CODE_SIGN_STYLE = Automatic;
				DEVELOPMENT_TEAM = MDPWN7SYJG;
				INFOPLIST_FILE = "Availee-iOS/Info.plist";
				LD_RUNPATH_SEARCH_PATHS = "$(inherited) @executable_path/Frameworks";
				PRODUCT_BUNDLE_IDENTIFIER = "com.planningdev.Availee-iOS";
				PRODUCT_NAME = "$(TARGET_NAME)";
				SWIFT_VERSION = 4.0;
				TARGETED_DEVICE_FAMILY = "1,2";
			};
			name = Debug;
		};
		A49033CB1FA40AC2007EA206 /* Release */ = {
			isa = XCBuildConfiguration;
			baseConfigurationReference = 91508DB1EEF950C569A5ECF6 /* Pods-Availee-iOS.release.xcconfig */;
			buildSettings = {
				ASSETCATALOG_COMPILER_APPICON_NAME = AppIcon;
				CODE_SIGN_STYLE = Automatic;
				DEVELOPMENT_TEAM = MDPWN7SYJG;
				INFOPLIST_FILE = "Availee-iOS/Info.plist";
				LD_RUNPATH_SEARCH_PATHS = "$(inherited) @executable_path/Frameworks";
				PRODUCT_BUNDLE_IDENTIFIER = "com.planningdev.Availee-iOS";
				PRODUCT_NAME = "$(TARGET_NAME)";
				SWIFT_VERSION = 4.0;
				TARGETED_DEVICE_FAMILY = "1,2";
			};
			name = Release;
		};
		A49033CD1FA40AC2007EA206 /* Debug */ = {
			isa = XCBuildConfiguration;
			baseConfigurationReference = 7F364B21C992B1A189119F5E /* Pods-Availee-iOSTests.debug.xcconfig */;
			buildSettings = {
				ALWAYS_EMBED_SWIFT_STANDARD_LIBRARIES = YES;
				BUNDLE_LOADER = "$(TEST_HOST)";
				CODE_SIGN_STYLE = Automatic;
				INFOPLIST_FILE = "Availee-iOSTests/Info.plist";
				LD_RUNPATH_SEARCH_PATHS = "$(inherited) @executable_path/Frameworks @loader_path/Frameworks";
				PRODUCT_BUNDLE_IDENTIFIER = "com.planningdev.Availee-iOSTests";
				PRODUCT_NAME = "$(TARGET_NAME)";
				SWIFT_VERSION = 4.0;
				TARGETED_DEVICE_FAMILY = "1,2";
				TEST_HOST = "$(BUILT_PRODUCTS_DIR)/Availee-iOS.app/Availee-iOS";
			};
			name = Debug;
		};
		A49033CE1FA40AC2007EA206 /* Release */ = {
			isa = XCBuildConfiguration;
			baseConfigurationReference = 39BBC6C8E30B1F53971B827B /* Pods-Availee-iOSTests.release.xcconfig */;
			buildSettings = {
				ALWAYS_EMBED_SWIFT_STANDARD_LIBRARIES = YES;
				BUNDLE_LOADER = "$(TEST_HOST)";
				CODE_SIGN_STYLE = Automatic;
				INFOPLIST_FILE = "Availee-iOSTests/Info.plist";
				LD_RUNPATH_SEARCH_PATHS = "$(inherited) @executable_path/Frameworks @loader_path/Frameworks";
				PRODUCT_BUNDLE_IDENTIFIER = "com.planningdev.Availee-iOSTests";
				PRODUCT_NAME = "$(TARGET_NAME)";
				SWIFT_VERSION = 4.0;
				TARGETED_DEVICE_FAMILY = "1,2";
				TEST_HOST = "$(BUILT_PRODUCTS_DIR)/Availee-iOS.app/Availee-iOS";
			};
			name = Release;
		};
		A49033D01FA40AC2007EA206 /* Debug */ = {
			isa = XCBuildConfiguration;
			baseConfigurationReference = 6A6E6697D5DAC6B8294B66EB /* Pods-Availee-iOSUITests.debug.xcconfig */;
			buildSettings = {
				ALWAYS_EMBED_SWIFT_STANDARD_LIBRARIES = YES;
				CODE_SIGN_STYLE = Automatic;
				INFOPLIST_FILE = "Availee-iOSUITests/Info.plist";
				LD_RUNPATH_SEARCH_PATHS = "$(inherited) @executable_path/Frameworks @loader_path/Frameworks";
				PRODUCT_BUNDLE_IDENTIFIER = "com.planningdev.Availee-iOSUITests";
				PRODUCT_NAME = "$(TARGET_NAME)";
				SWIFT_VERSION = 4.0;
				TARGETED_DEVICE_FAMILY = "1,2";
				TEST_TARGET_NAME = "Availee-iOS";
			};
			name = Debug;
		};
		A49033D11FA40AC2007EA206 /* Release */ = {
			isa = XCBuildConfiguration;
			baseConfigurationReference = 397339A0E2B95B4124B545B3 /* Pods-Availee-iOSUITests.release.xcconfig */;
			buildSettings = {
				ALWAYS_EMBED_SWIFT_STANDARD_LIBRARIES = YES;
				CODE_SIGN_STYLE = Automatic;
				INFOPLIST_FILE = "Availee-iOSUITests/Info.plist";
				LD_RUNPATH_SEARCH_PATHS = "$(inherited) @executable_path/Frameworks @loader_path/Frameworks";
				PRODUCT_BUNDLE_IDENTIFIER = "com.planningdev.Availee-iOSUITests";
				PRODUCT_NAME = "$(TARGET_NAME)";
				SWIFT_VERSION = 4.0;
				TARGETED_DEVICE_FAMILY = "1,2";
				TEST_TARGET_NAME = "Availee-iOS";
			};
			name = Release;
		};
/* End XCBuildConfiguration section */

/* Begin XCConfigurationList section */
		A490339C1FA40AC2007EA206 /* Build configuration list for PBXProject "Availee-iOS" */ = {
			isa = XCConfigurationList;
			buildConfigurations = (
				A49033C71FA40AC2007EA206 /* Debug */,
				A49033C81FA40AC2007EA206 /* Release */,
			);
			defaultConfigurationIsVisible = 0;
			defaultConfigurationName = Release;
		};
		A49033C91FA40AC2007EA206 /* Build configuration list for PBXNativeTarget "Availee-iOS" */ = {
			isa = XCConfigurationList;
			buildConfigurations = (
				A49033CA1FA40AC2007EA206 /* Debug */,
				A49033CB1FA40AC2007EA206 /* Release */,
			);
			defaultConfigurationIsVisible = 0;
			defaultConfigurationName = Release;
		};
		A49033CC1FA40AC2007EA206 /* Build configuration list for PBXNativeTarget "Availee-iOSTests" */ = {
			isa = XCConfigurationList;
			buildConfigurations = (
				A49033CD1FA40AC2007EA206 /* Debug */,
				A49033CE1FA40AC2007EA206 /* Release */,
			);
			defaultConfigurationIsVisible = 0;
			defaultConfigurationName = Release;
		};
		A49033CF1FA40AC2007EA206 /* Build configuration list for PBXNativeTarget "Availee-iOSUITests" */ = {
			isa = XCConfigurationList;
			buildConfigurations = (
				A49033D01FA40AC2007EA206 /* Debug */,
				A49033D11FA40AC2007EA206 /* Release */,
			);
			defaultConfigurationIsVisible = 0;
			defaultConfigurationName = Release;
		};
/* End XCConfigurationList section */
	};
	rootObject = A49033991FA40AC2007EA206 /* Project object */;
}
